
Microsoft Visual Studio Solution File, Format Version 11.00
# Visual Basic Express 2010
Project("{F184B08F-C81C-45F6-A57F-5ABD9991F28F}") = "cadastroVeiculos", "cadastroVeiculos\cadastroVeiculos.vbproj", "{B9FB2BAB-2CC5-4184-BF8B-06E2CC32B515}"
EndProject
Global
	GlobalSection(SolutionConfigurationPlatforms) = preSolution
		Debug|x86 = Debug|x86
		Release|x86 = Release|x86
	EndGlobalSection
	GlobalSection(ProjectConfigurationPlatforms) = postSolution
		{B9FB2BAB-2CC5-4184-BF8B-06E2CC32B515}.Debug|x86.ActiveCfg = Debug|x86
		{B9FB2BAB-2CC5-4184-BF8B-06E2CC32B515}.Debug|x86.Build.0 = Debug|x86
		{B9FB2BAB-2CC5-4184-BF8B-06E2CC32B515}.Release|x86.ActiveCfg = Release|x86
		{B9FB2BAB-2CC5-4184-BF8B-06E2CC32B515}.Release|x86.Build.0 = Release|x86
	EndGlobalSection
	GlobalSection(SolutionProperties) = preSolution
		HideSolutionNode = FALSE
	EndGlobalSection
EndGlobal
